// !$*UTF8*$!
{
	archiveVersion = 1;
	classes = {
	};
	objectVersion = 60;
	objects = {

/* Begin PBXBuildFile section */
		41437A492C92E11100255DC3 /* __GuessTheFlagApp.swift in Sources */ = {isa = PBXBuildFile; fileRef = 41437A482C92E11100255DC3 /* __GuessTheFlagApp.swift */; };
		41437A4B2C92E11100255DC3 /* ContentView.swift in Sources */ = {isa = PBXBuildFile; fileRef = 41437A4A2C92E11100255DC3 /* ContentView.swift */; };
		41437A4D2C92E11400255DC3 /* Assets.xcassets in Resources */ = {isa = PBXBuildFile; fileRef = 41437A4C2C92E11400255DC3 /* Assets.xcassets */; };
		41437A502C92E11400255DC3 /* Preview Assets.xcassets in Resources */ = {isa = PBXBuildFile; fileRef = 41437A4F2C92E11400255DC3 /* Preview Assets.xcassets */; };
		41437A5A2C92E11400255DC3 /* __GuessTheFlagTests.swift in Sources */ = {isa = PBXBuildFile; fileRef = 41437A592C92E11400255DC3 /* __GuessTheFlagTests.swift */; };
		41437A642C92E11400255DC3 /* __GuessTheFlagUITests.swift in Sources */ = {isa = PBXBuildFile; fileRef = 41437A632C92E11400255DC3 /* __GuessTheFlagUITests.swift */; };
		41437A662C92E11400255DC3 /* __GuessTheFlagUITestsLaunchTests.swift in Sources */ = {isa = PBXBuildFile; fileRef = 41437A652C92E11400255DC3 /* __GuessTheFlagUITestsLaunchTests.swift */; };
/* End PBXBuildFile section */

/* Begin PBXContainerItemProxy section */
		41437A562C92E11400255DC3 /* PBXContainerItemProxy */ = {
			isa = PBXContainerItemProxy;
			containerPortal = 41437A3D2C92E11100255DC3 /* Project object */;
			proxyType = 1;
			remoteGlobalIDString = 41437A442C92E11100255DC3;
			remoteInfo = 2_GuessTheFlag;
		};
		41437A602C92E11400255DC3 /* PBXContainerItemProxy */ = {
			isa = PBXContainerItemProxy;
			containerPortal = 41437A3D2C92E11100255DC3 /* Project object */;
			proxyType = 1;
			remoteGlobalIDString = 41437A442C92E11100255DC3;
			remoteInfo = 2_GuessTheFlag;
		};
/* End PBXContainerItemProxy section */

/* Begin PBXFileReference section */
		41437A452C92E11100255DC3 /* 2_GuessTheFlag.app */ = {isa = PBXFileReference; explicitFileType = wrapper.application; includeInIndex = 0; path = 2_GuessTheFlag.app; sourceTree = BUILT_PRODUCTS_DIR; };
		41437A482C92E11100255DC3 /* __GuessTheFlagApp.swift */ = {isa = PBXFileReference; lastKnownFileType = sourcecode.swift; path = __GuessTheFlagApp.swift; sourceTree = "<group>"; };
		41437A4A2C92E11100255DC3 /* ContentView.swift */ = {isa = PBXFileReference; lastKnownFileType = sourcecode.swift; path = ContentView.swift; sourceTree = "<group>"; };
		41437A4C2C92E11400255DC3 /* Assets.xcassets */ = {isa = PBXFileReference; lastKnownFileType = folder.assetcatalog; path = Assets.xcassets; sourceTree = "<group>"; };
		41437A4F2C92E11400255DC3 /* Preview Assets.xcassets */ = {isa = PBXFileReference; lastKnownFileType = folder.assetcatalog; path = "Preview Assets.xcassets"; sourceTree = "<group>"; };
		41437A552C92E11400255DC3 /* 2_GuessTheFlagTests.xctest */ = {isa = PBXFileReference; explicitFileType = wrapper.cfbundle; includeInIndex = 0; path = 2_GuessTheFlagTests.xctest; sourceTree = BUILT_PRODUCTS_DIR; };
		41437A592C92E11400255DC3 /* __GuessTheFlagTests.swift */ = {isa = PBXFileReference; lastKnownFileType = sourcecode.swift; path = __GuessTheFlagTests.swift; sourceTree = "<group>"; };
		41437A5F2C92E11400255DC3 /* 2_GuessTheFlagUITests.xctest */ = {isa = PBXFileReference; explicitFileType = wrapper.cfbundle; includeInIndex = 0; path = 2_GuessTheFlagUITests.xctest; sourceTree = BUILT_PRODUCTS_DIR; };
		41437A632C92E11400255DC3 /* __GuessTheFlagUITests.swift */ = {isa = PBXFileReference; lastKnownFileType = sourcecode.swift; path = __GuessTheFlagUITests.swift; sourceTree = "<group>"; };
		41437A652C92E11400255DC3 /* __GuessTheFlagUITestsLaunchTests.swift */ = {isa = PBXFileReference; lastKnownFileType = sourcecode.swift; path = __GuessTheFlagUITestsLaunchTests.swift; sourceTree = "<group>"; };
/* End PBXFileReference section */

/* Begin PBXFrameworksBuildPhase section */
		41437A422C92E11100255DC3 /* Frameworks */ = {
			isa = PBXFrameworksBuildPhase;
			buildActionMask = 2147483647;
			files = (
			);
			runOnlyForDeploymentPostprocessing = 0;
		};
		41437A522C92E11400255DC3 /* Frameworks */ = {
			isa = PBXFrameworksBuildPhase;
			buildActionMask = 2147483647;
			files = (
			);
			runOnlyForDeploymentPostprocessing = 0;
		};
		41437A5C2C92E11400255DC3 /* Frameworks */ = {
			isa = PBXFrameworksBuildPhase;
			buildActionMask = 2147483647;
			files = (
			);
			runOnlyForDeploymentPostprocessing = 0;
		};
/* End PBXFrameworksBuildPhase section */

/* Begin PBXGroup section */
		41437A3C2C92E11100255DC3 = {
			isa = PBXGroup;
			children = (
				41437A472C92E11100255DC3 /* 2_GuessTheFlag */,
				41437A582C92E11400255DC3 /* 2_GuessTheFlagTests */,
				41437A622C92E11400255DC3 /* 2_GuessTheFlagUITests */,
				41437A462C92E11100255DC3 /* Products */,
			);
			sourceTree = "<group>";
		};
		41437A462C92E11100255DC3 /* Products */ = {
			isa = PBXGroup;
			children = (
				41437A452C92E11100255DC3 /* 2_GuessTheFlag.app */,
				41437A552C92E11400255DC3 /* 2_GuessTheFlagTests.xctest */,
				41437A5F2C92E11400255DC3 /* 2_GuessTheFlagUITests.xctest */,
			);
			name = Products;
			sourceTree = "<group>";
		};
		41437A472C92E11100255DC3 /* 2_GuessTheFlag */ = {
			isa = PBXGroup;
			children = (
				41437A482C92E11100255DC3 /* __GuessTheFlagApp.swift */,
				41437A4A2C92E11100255DC3 /* ContentView.swift */,
				41437A4C2C92E11400255DC3 /* Assets.xcassets */,
				41437A4E2C92E11400255DC3 /* Preview Content */,
			);
			path = 2_GuessTheFlag;
			sourceTree = "<group>";
		};
		41437A4E2C92E11400255DC3 /* Preview Content */ = {
			isa = PBXGroup;
			children = (
				41437A4F2C92E11400255DC3 /* Preview Assets.xcassets */,
			);
			path = "Preview Content";
			sourceTree = "<group>";
		};
		41437A582C92E11400255DC3 /* 2_GuessTheFlagTests */ = {
			isa = PBXGroup;
			children = (
				41437A592C92E11400255DC3 /* __GuessTheFlagTests.swift */,
			);
			path = 2_GuessTheFlagTests;
			sourceTree = "<group>";
		};
		41437A622C92E11400255DC3 /* 2_GuessTheFlagUITests */ = {
			isa = PBXGroup;
			children = (
				41437A632C92E11400255DC3 /* __GuessTheFlagUITests.swift */,
				41437A652C92E11400255DC3 /* __GuessTheFlagUITestsLaunchTests.swift */,
			);
			path = 2_GuessTheFlagUITests;
			sourceTree = "<group>";
		};
/* End PBXGroup section */

/* Begin PBXNativeTarget section */
		41437A442C92E11100255DC3 /* 2_GuessTheFlag */ = {
			isa = PBXNativeTarget;
			buildConfigurationList = 41437A692C92E11400255DC3 /* Build configuration list for PBXNativeTarget "2_GuessTheFlag" */;
			buildPhases = (
				41437A412C92E11100255DC3 /* Sources */,
				41437A422C92E11100255DC3 /* Frameworks */,
				41437A432C92E11100255DC3 /* Resources */,
			);
			buildRules = (
			);
			dependencies = (
			);
			name = 2_GuessTheFlag;
			productName = 2_GuessTheFlag;
			productReference = 41437A452C92E11100255DC3 /* 2_GuessTheFlag.app */;
			productType = "com.apple.product-type.application";
		};
		41437A542C92E11400255DC3 /* 2_GuessTheFlagTests */ = {
			isa = PBXNativeTarget;
			buildConfigurationList = 41437A6C2C92E11400255DC3 /* Build configuration list for PBXNativeTarget "2_GuessTheFlagTests" */;
			buildPhases = (
				41437A512C92E11400255DC3 /* Sources */,
				41437A522C92E11400255DC3 /* Frameworks */,
				41437A532C92E11400255DC3 /* Resources */,
			);
			buildRules = (
			);
			dependencies = (
				41437A572C92E11400255DC3 /* PBXTargetDependency */,
			);
			name = 2_GuessTheFlagTests;
			productName = 2_GuessTheFlagTests;
			productReference = 41437A552C92E11400255DC3 /* 2_GuessTheFlagTests.xctest */;
			productType = "com.apple.product-type.bundle.unit-test";
		};
		41437A5E2C92E11400255DC3 /* 2_GuessTheFlagUITests */ = {
			isa = PBXNativeTarget;
			buildConfigurationList = 41437A6F2C92E11400255DC3 /* Build configuration list for PBXNativeTarget "2_GuessTheFlagUITests" */;
			buildPhases = (
				41437A5B2C92E11400255DC3 /* Sources */,
				41437A5C2C92E11400255DC3 /* Frameworks */,
				41437A5D2C92E11400255DC3 /* Resources */,
			);
			buildRules = (
			);
			dependencies = (
				41437A612C92E11400255DC3 /* PBXTargetDependency */,
			);
			name = 2_GuessTheFlagUITests;
			productName = 2_GuessTheFlagUITests;
			productReference = 41437A5F2C92E11400255DC3 /* 2_GuessTheFlagUITests.xctest */;
			productType = "com.apple.product-type.bundle.ui-testing";
		};
/* End PBXNativeTarget section */

/* Begin PBXProject section */
		41437A3D2C92E11100255DC3 /* Project object */ = {
			isa = PBXProject;
			attributes = {
				BuildIndependentTargetsInParallel = 1;
				LastSwiftUpdateCheck = 1600;
				LastUpgradeCheck = 1600;
				TargetAttributes = {
					41437A442C92E11100255DC3 = {
						CreatedOnToolsVersion = 16.0;
					};
					41437A542C92E11400255DC3 = {
						CreatedOnToolsVersion = 16.0;
						TestTargetID = 41437A442C92E11100255DC3;
					};
					41437A5E2C92E11400255DC3 = {
						CreatedOnToolsVersion = 16.0;
						TestTargetID = 41437A442C92E11100255DC3;
					};
				};
			};
			buildConfigurationList = 41437A402C92E11100255DC3 /* Build configuration list for PBXProject "2_GuessTheFlag" */;
			compatibilityVersion = "Xcode 15.0";
			developmentRegion = en;
			hasScannedForEncodings = 0;
			knownRegions = (
				en,
				Base,
			);
			mainGroup = 41437A3C2C92E11100255DC3;
			productRefGroup = 41437A462C92E11100255DC3 /* Products */;
			projectDirPath = "";
			projectRoot = "";
			targets = (
				41437A442C92E11100255DC3 /* 2_GuessTheFlag */,
				41437A542C92E11400255DC3 /* 2_GuessTheFlagTests */,
				41437A5E2C92E11400255DC3 /* 2_GuessTheFlagUITests */,
			);
		};
/* End PBXProject section */

/* Begin PBXResourcesBuildPhase section */
		41437A432C92E11100255DC3 /* Resources */ = {
			isa = PBXResourcesBuildPhase;
			buildActionMask = 2147483647;
			files = (
				41437A502C92E11400255DC3 /* Preview Assets.xcassets in Resources */,
				41437A4D2C92E11400255DC3 /* Assets.xcassets in Resources */,
			);
			runOnlyForDeploymentPostprocessing = 0;
		};
		41437A532C92E11400255DC3 /* Resources */ = {
			isa = PBXResourcesBuildPhase;
			buildActionMask = 2147483647;
			files = (
			);
			runOnlyForDeploymentPostprocessing = 0;
		};
		41437A5D2C92E11400255DC3 /* Resources */ = {
			isa = PBXResourcesBuildPhase;
			buildActionMask = 2147483647;
			files = (
			);
			runOnlyForDeploymentPostprocessing = 0;
		};
/* End PBXResourcesBuildPhase section */

/* Begin PBXSourcesBuildPhase section */
		41437A412C92E11100255DC3 /* Sources */ = {
			isa = PBXSourcesBuildPhase;
			buildActionMask = 2147483647;
			files = (
				41437A4B2C92E11100255DC3 /* ContentView.swift in Sources */,
				41437A492C92E11100255DC3 /* __GuessTheFlagApp.swift in Sources */,
			);
			runOnlyForDeploymentPostprocessing = 0;
		};
		41437A512C92E11400255DC3 /* Sources */ = {
			isa = PBXSourcesBuildPhase;
			buildActionMask = 2147483647;
			files = (
				41437A5A2C92E11400255DC3 /* __GuessTheFlagTests.swift in Sources */,
			);
			runOnlyForDeploymentPostprocessing = 0;
		};
		41437A5B2C92E11400255DC3 /* Sources */ = {
			isa = PBXSourcesBuildPhase;
			buildActionMask = 2147483647;
			files = (
				41437A662C92E11400255DC3 /* __GuessTheFlagUITestsLaunchTests.swift in Sources */,
				41437A642C92E11400255DC3 /* __GuessTheFlagUITests.swift in Sources */,
			);
			runOnlyForDeploymentPostprocessing = 0;
		};
/* End PBXSourcesBuildPhase section */

/* Begin PBXTargetDependency section */
		41437A572C92E11400255DC3 /* PBXTargetDependency */ = {
			isa = PBXTargetDependency;
			target = 41437A442C92E11100255DC3 /* 2_GuessTheFlag */;
			targetProxy = 41437A562C92E11400255DC3 /* PBXContainerItemProxy */;
		};
		41437A612C92E11400255DC3 /* PBXTargetDependency */ = {
			isa = PBXTargetDependency;
			target = 41437A442C92E11100255DC3 /* 2_GuessTheFlag */;
			targetProxy = 41437A602C92E11400255DC3 /* PBXContainerItemProxy */;
		};
/* End PBXTargetDependency section */

/* Begin XCBuildConfiguration section */
		41437A672C92E11400255DC3 /* Debug */ = {
			isa = XCBuildConfiguration;
			buildSettings = {
				ALWAYS_SEARCH_USER_PATHS = NO;
				ASSETCATALOG_COMPILER_GENERATE_SWIFT_ASSET_SYMBOL_EXTENSIONS = YES;
				CLANG_ANALYZER_NONNULL = YES;
				CLANG_ANALYZER_NUMBER_OBJECT_CONVERSION = YES_AGGRESSIVE;
				CLANG_CXX_LANGUAGE_STANDARD = "gnu++20";
				CLANG_ENABLE_MODULES = YES;
				CLANG_ENABLE_OBJC_ARC = YES;
				CLANG_ENABLE_OBJC_WEAK = YES;
				CLANG_WARN_BLOCK_CAPTURE_AUTORELEASING = YES;
				CLANG_WARN_BOOL_CONVERSION = YES;
				CLANG_WARN_COMMA = YES;
				CLANG_WARN_CONSTANT_CONVERSION = YES;
				CLANG_WARN_DEPRECATED_OBJC_IMPLEMENTATIONS = YES;
				CLANG_WARN_DIRECT_OBJC_ISA_USAGE = YES_ERROR;
				CLANG_WARN_DOCUMENTATION_COMMENTS = YES;
				CLANG_WARN_EMPTY_BODY = YES;
				CLANG_WARN_ENUM_CONVERSION = YES;
				CLANG_WARN_INFINITE_RECURSION = YES;
				CLANG_WARN_INT_CONVERSION = YES;
				CLANG_WARN_NON_LITERAL_NULL_CONVERSION = YES;
				CLANG_WARN_OBJC_IMPLICIT_RETAIN_SELF = YES;
				CLANG_WARN_OBJC_LITERAL_CONVERSION = YES;
				CLANG_WARN_OBJC_ROOT_CLASS = YES_ERROR;
				CLANG_WARN_QUOTED_INCLUDE_IN_FRAMEWORK_HEADER = YES;
				CLANG_WARN_RANGE_LOOP_ANALYSIS = YES;
				CLANG_WARN_STRICT_PROTOTYPES = YES;
				CLANG_WARN_SUSPICIOUS_MOVE = YES;
				CLANG_WARN_UNGUARDED_AVAILABILITY = YES_AGGRESSIVE;
				CLANG_WARN_UNREACHABLE_CODE = YES;
				CLANG_WARN__DUPLICATE_METHOD_MATCH = YES;
				COPY_PHASE_STRIP = NO;
				DEBUG_INFORMATION_FORMAT = dwarf;
				ENABLE_STRICT_OBJC_MSGSEND = YES;
				ENABLE_TESTABILITY = YES;
				ENABLE_USER_SCRIPT_SANDBOXING = YES;
				GCC_C_LANGUAGE_STANDARD = gnu17;
				GCC_DYNAMIC_NO_PIC = NO;
				GCC_NO_COMMON_BLOCKS = YES;
				GCC_OPTIMIZATION_LEVEL = 0;
				GCC_PREPROCESSOR_DEFINITIONS = (
					"DEBUG=1",
					"$(inherited)",
				);
				GCC_WARN_64_TO_32_BIT_CONVERSION = YES;
				GCC_WARN_ABOUT_RETURN_TYPE = YES_ERROR;
				GCC_WARN_UNDECLARED_SELECTOR = YES;
				GCC_WARN_UNINITIALIZED_AUTOS = YES_AGGRESSIVE;
				GCC_WARN_UNUSED_FUNCTION = YES;
				GCC_WARN_UNUSED_VARIABLE = YES;
				IPHONEOS_DEPLOYMENT_TARGET = 18.0;
				LOCALIZATION_PREFERS_STRING_CATALOGS = YES;
				MTL_ENABLE_DEBUG_INFO = INCLUDE_SOURCE;
				MTL_FAST_MATH = YES;
				ONLY_ACTIVE_ARCH = YES;
				SDKROOT = iphoneos;
				SWIFT_ACTIVE_COMPILATION_CONDITIONS = "DEBUG $(inherited)";
				SWIFT_OPTIMIZATION_LEVEL = "-Onone";
			};
			name = Debug;
		};
		41437A682C92E11400255DC3 /* Release */ = {
			isa = XCBuildConfiguration;
			buildSettings = {
				ALWAYS_SEARCH_USER_PATHS = NO;
				ASSETCATALOG_COMPILER_GENERATE_SWIFT_ASSET_SYMBOL_EXTENSIONS = YES;
				CLANG_ANALYZER_NONNULL = YES;
				CLANG_ANALYZER_NUMBER_OBJECT_CONVERSION = YES_AGGRESSIVE;
				CLANG_CXX_LANGUAGE_STANDARD = "gnu++20";
				CLANG_ENABLE_MODULES = YES;
				CLANG_ENABLE_OBJC_ARC = YES;
				CLANG_ENABLE_OBJC_WEAK = YES;
				CLANG_WARN_BLOCK_CAPTURE_AUTORELEASING = YES;
				CLANG_WARN_BOOL_CONVERSION = YES;
				CLANG_WARN_COMMA = YES;
				CLANG_WARN_CONSTANT_CONVERSION = YES;
				CLANG_WARN_DEPRECATED_OBJC_IMPLEMENTATIONS = YES;
				CLANG_WARN_DIRECT_OBJC_ISA_USAGE = YES_ERROR;
				CLANG_WARN_DOCUMENTATION_COMMENTS = YES;
				CLANG_WARN_EMPTY_BODY = YES;
				CLANG_WARN_ENUM_CONVERSION = YES;
				CLANG_WARN_INFINITE_RECURSION = YES;
				CLANG_WARN_INT_CONVERSION = YES;
				CLANG_WARN_NON_LITERAL_NULL_CONVERSION = YES;
				CLANG_WARN_OBJC_IMPLICIT_RETAIN_SELF = YES;
				CLANG_WARN_OBJC_LITERAL_CONVERSION = YES;
				CLANG_WARN_OBJC_ROOT_CLASS = YES_ERROR;
				CLANG_WARN_QUOTED_INCLUDE_IN_FRAMEWORK_HEADER = YES;
				CLANG_WARN_RANGE_LOOP_ANALYSIS = YES;
				CLANG_WARN_STRICT_PROTOTYPES = YES;
				CLANG_WARN_SUSPICIOUS_MOVE = YES;
				CLANG_WARN_UNGUARDED_AVAILABILITY = YES_AGGRESSIVE;
				CLANG_WARN_UNREACHABLE_CODE = YES;
				CLANG_WARN__DUPLICATE_METHOD_MATCH = YES;
				COPY_PHASE_STRIP = NO;
				DEBUG_INFORMATION_FORMAT = "dwarf-with-dsym";
				ENABLE_NS_ASSERTIONS = NO;
				ENABLE_STRICT_OBJC_MSGSEND = YES;
				ENABLE_USER_SCRIPT_SANDBOXING = YES;
				GCC_C_LANGUAGE_STANDARD = gnu17;
				GCC_NO_COMMON_BLOCKS = YES;
				GCC_WARN_64_TO_32_BIT_CONVERSION = YES;
				GCC_WARN_ABOUT_RETURN_TYPE = YES_ERROR;
				GCC_WARN_UNDECLARED_SELECTOR = YES;
				GCC_WARN_UNINITIALIZED_AUTOS = YES_AGGRESSIVE;
				GCC_WARN_UNUSED_FUNCTION = YES;
				GCC_WARN_UNUSED_VARIABLE = YES;
				IPHONEOS_DEPLOYMENT_TARGET = 18.0;
				LOCALIZATION_PREFERS_STRING_CATALOGS = YES;
				MTL_ENABLE_DEBUG_INFO = NO;
				MTL_FAST_MATH = YES;
				SDKROOT = iphoneos;
				SWIFT_COMPILATION_MODE = wholemodule;
				VALIDATE_PRODUCT = YES;
			};
			name = Release;
		};
		41437A6A2C92E11400255DC3 /* Debug */ = {
			isa = XCBuildConfiguration;
			buildSettings = {
				ASSETCATALOG_COMPILER_APPICON_NAME = AppIcon;
				ASSETCATALOG_COMPILER_GLOBAL_ACCENT_COLOR_NAME = AccentColor;
				CODE_SIGN_STYLE = Automatic;
				CURRENT_PROJECT_VERSION = 1;
				DEVELOPMENT_ASSET_PATHS = "\"2_GuessTheFlag/Preview Content\"";
				ENABLE_PREVIEWS = YES;
				GENERATE_INFOPLIST_FILE = YES;
				INFOPLIST_KEY_UIApplicationSceneManifest_Generation = YES;
				INFOPLIST_KEY_UIApplicationSupportsIndirectInputEvents = YES;
				INFOPLIST_KEY_UILaunchScreen_Generation = YES;
				INFOPLIST_KEY_UISupportedInterfaceOrientations_iPad = "UIInterfaceOrientationPortrait UIInterfaceOrientationPortraitUpsideDown UIInterfaceOrientationLandscapeLeft UIInterfaceOrientationLandscapeRight";
				INFOPLIST_KEY_UISupportedInterfaceOrientations_iPhone = "UIInterfaceOrientationPortrait UIInterfaceOrientationLandscapeLeft UIInterfaceOrientationLandscapeRight";
				LD_RUNPATH_SEARCH_PATHS = (
					"$(inherited)",
					"@executable_path/Frameworks",
				);
				MARKETING_VERSION = 1.0;
				PRODUCT_BUNDLE_IDENTIFIER = "Serge.--GuessTheFlag";
				PRODUCT_NAME = "$(TARGET_NAME)";
				SWIFT_EMIT_LOC_STRINGS = YES;
				SWIFT_VERSION = 5.0;
				TARGETED_DEVICE_FAMILY = "1,2";
			};
			name = Debug;
		};
		41437A6B2C92E11400255DC3 /* Release */ = {
			isa = XCBuildConfiguration;
			buildSettings = {
				ASSETCATALOG_COMPILER_APPICON_NAME = AppIcon;
				ASSETCATALOG_COMPILER_GLOBAL_ACCENT_COLOR_NAME = AccentColor;
				CODE_SIGN_STYLE = Automatic;
				CURRENT_PROJECT_VERSION = 1;
				DEVELOPMENT_ASSET_PATHS = "\"2_GuessTheFlag/Preview Content\"";
				ENABLE_PREVIEWS = YES;
				GENERATE_INFOPLIST_FILE = YES;
				INFOPLIST_KEY_UIApplicationSceneManifest_Generation = YES;
				INFOPLIST_KEY_UIApplicationSupportsIndirectInputEvents = YES;
				INFOPLIST_KEY_UILaunchScreen_Generation = YES;
				INFOPLIST_KEY_UISupportedInterfaceOrientations_iPad = "UIInterfaceOrientationPortrait UIInterfaceOrientationPortraitUpsideDown UIInterfaceOrientationLandscapeLeft UIInterfaceOrientationLandscapeRight";
				INFOPLIST_KEY_UISupportedInterfaceOrientations_iPhone = "UIInterfaceOrientationPortrait UIInterfaceOrientationLandscapeLeft UIInterfaceOrientationLandscapeRight";
				LD_RUNPATH_SEARCH_PATHS = (
					"$(inherited)",
					"@executable_path/Frameworks",
				);
				MARKETING_VERSION = 1.0;
				PRODUCT_BUNDLE_IDENTIFIER = "Serge.--GuessTheFlag";
				PRODUCT_NAME = "$(TARGET_NAME)";
				SWIFT_EMIT_LOC_STRINGS = YES;
				SWIFT_VERSION = 5.0;
				TARGETED_DEVICE_FAMILY = "1,2";
			};
			name = Release;
		};
		41437A6D2C92E11400255DC3 /* Debug */ = {
			isa = XCBuildConfiguration;
			buildSettings = {
				BUNDLE_LOADER = "$(TEST_HOST)";
				CODE_SIGN_STYLE = Automatic;
				CURRENT_PROJECT_VERSION = 1;
				GENERATE_INFOPLIST_FILE = YES;
				IPHONEOS_DEPLOYMENT_TARGET = 18.0;
				MARKETING_VERSION = 1.0;
				PRODUCT_BUNDLE_IDENTIFIER = "Serge.--GuessTheFlagTests";
				PRODUCT_NAME = "$(TARGET_NAME)";
				SWIFT_EMIT_LOC_STRINGS = NO;
				SWIFT_VERSION = 5.0;
				TARGETED_DEVICE_FAMILY = "1,2";
				TEST_HOST = "$(BUILT_PRODUCTS_DIR)/2_GuessTheFlag.app/$(BUNDLE_EXECUTABLE_FOLDER_PATH)/2_GuessTheFlag";
			};
			name = Debug;
		};
		41437A6E2C92E11400255DC3 /* Release */ = {
			isa = XCBuildConfiguration;
			buildSettings = {
				BUNDLE_LOADER = "$(TEST_HOST)";
				CODE_SIGN_STYLE = Automatic;
				CURRENT_PROJECT_VERSION = 1;
				GENERATE_INFOPLIST_FILE = YES;
				IPHONEOS_DEPLOYMENT_TARGET = 18.0;
				MARKETING_VERSION = 1.0;
				PRODUCT_BUNDLE_IDENTIFIER = "Serge.--GuessTheFlagTests";
				PRODUCT_NAME = "$(TARGET_NAME)";
				SWIFT_EMIT_LOC_STRINGS = NO;
				SWIFT_VERSION = 5.0;
				TARGETED_DEVICE_FAMILY = "1,2";
				TEST_HOST = "$(BUILT_PRODUCTS_DIR)/2_GuessTheFlag.app/$(BUNDLE_EXECUTABLE_FOLDER_PATH)/2_GuessTheFlag";
			};
			name = Release;
		};
		41437A702C92E11400255DC3 /* Debug */ = {
			isa = XCBuildConfiguration;
			buildSettings = {
				CODE_SIGN_STYLE = Automatic;
				CURRENT_PROJECT_VERSION = 1;
				GENERATE_INFOPLIST_FILE = YES;
				MARKETING_VERSION = 1.0;
				PRODUCT_BUNDLE_IDENTIFIER = "Serge.--GuessTheFlagUITests";
				PRODUCT_NAME = "$(TARGET_NAME)";
				SWIFT_EMIT_LOC_STRINGS = NO;
				SWIFT_VERSION = 5.0;
				TARGETED_DEVICE_FAMILY = "1,2";
				TEST_TARGET_NAME = 2_GuessTheFlag;
			};
			name = Debug;
		};
		41437A712C92E11400255DC3 /* Release */ = {
			isa = XCBuildConfiguration;
			buildSettings = {
				CODE_SIGN_STYLE = Automatic;
				CURRENT_PROJECT_VERSION = 1;
				GENERATE_INFOPLIST_FILE = YES;
				MARKETING_VERSION = 1.0;
				PRODUCT_BUNDLE_IDENTIFIER = "Serge.--GuessTheFlagUITests";
				PRODUCT_NAME = "$(TARGET_NAME)";
				SWIFT_EMIT_LOC_STRINGS = NO;
				SWIFT_VERSION = 5.0;
				TARGETED_DEVICE_FAMILY = "1,2";
				TEST_TARGET_NAME = 2_GuessTheFlag;
			};
			name = Release;
		};
/* End XCBuildConfiguration section */

/* Begin XCConfigurationList section */
		41437A402C92E11100255DC3 /* Build configuration list for PBXProject "2_GuessTheFlag" */ = {
			isa = XCConfigurationList;
			buildConfigurations = (
				41437A672C92E11400255DC3 /* Debug */,
				41437A682C92E11400255DC3 /* Release */,
			);
			defaultConfigurationIsVisible = 0;
			defaultConfigurationName = Release;
		};
		41437A692C92E11400255DC3 /* Build configuration list for PBXNativeTarget "2_GuessTheFlag" */ = {
			isa = XCConfigurationList;
			buildConfigurations = (
				41437A6A2C92E11400255DC3 /* Debug */,
				41437A6B2C92E11400255DC3 /* Release */,
			);
			defaultConfigurationIsVisible = 0;
			defaultConfigurationName = Release;
		};
		41437A6C2C92E11400255DC3 /* Build configuration list for PBXNativeTarget "2_GuessTheFlagTests" */ = {
			isa = XCConfigurationList;
			buildConfigurations = (
				41437A6D2C92E11400255DC3 /* Debug */,
				41437A6E2C92E11400255DC3 /* Release */,
			);
			defaultConfigurationIsVisible = 0;
			defaultConfigurationName = Release;
		};
		41437A6F2C92E11400255DC3 /* Build configuration list for PBXNativeTarget "2_GuessTheFlagUITests" */ = {
			isa = XCConfigurationList;
			buildConfigurations = (
				41437A702C92E11400255DC3 /* Debug */,
				41437A712C92E11400255DC3 /* Release */,
			);
			defaultConfigurationIsVisible = 0;
			defaultConfigurationName = Release;
		};
/* End XCConfigurationList section */
	};
	rootObject = 41437A3D2C92E11100255DC3 /* Project object */;
}
